
Microsoft Visual Studio Solution File, Format Version 12.00
# Visual Studio 14
VisualStudioVersion = 14.0.23107.0
MinimumVisualStudioVersion = 10.0.40219.1
Project("{FAE04EC0-301F-11D3-BF4B-00C04F79EFBC}") = "sharplab2cl", "sharplab2cl\sharplab2cl.csproj", "{455D8C97-1D65-4AF0-A51E-0F446953579F}"
EndProject
Global
	GlobalSection(SolutionConfigurationPlatforms) = preSolution
		Debug|Any CPU = Debug|Any CPU
		Release|Any CPU = Release|Any CPU
	EndGlobalSection
	GlobalSection(ProjectConfigurationPlatforms) = postSolution
		{455D8C97-1D65-4AF0-A51E-0F446953579F}.Debug|Any CPU.ActiveCfg = Debug|Any CPU
		{455D8C97-1D65-4AF0-A51E-0F446953579F}.Debug|Any CPU.Build.0 = Debug|Any CPU
		{455D8C97-1D65-4AF0-A51E-0F446953579F}.Release|Any CPU.ActiveCfg = Release|Any CPU
		{455D8C97-1D65-4AF0-A51E-0F446953579F}.Release|Any CPU.Build.0 = Release|Any CPU
	EndGlobalSection
	GlobalSection(SolutionProperties) = preSolution
		HideSolutionNode = FALSE
	EndGlobalSection
EndGlobal
